Microsoft Visual Studio Solution File, Format Version 11.00
# Visual Studio 2008

Project("{0CE1A6FD-F61B-596B-91EA-8636CB68289C}") = "Dinamitam", "Assembly-CSharp.csproj", "{A14827DD-F72B-F5BF-04F2-201919AE8241}"
EndProject
Global
	GlobalSection(SolutionConfigurationPlatforms) = preSolution
		Debug|Any CPU = Debug|Any CPU
		Release|Any CPU = Release|Any CPU
	EndGlobalSection
	GlobalSection(ProjectConfigurationPlatforms) = postSolution
		{A14827DD-F72B-F5BF-04F2-201919AE8241}.Debug|Any CPU.ActiveCfg = Debug|Any CPU
		{A14827DD-F72B-F5BF-04F2-201919AE8241}.Debug|Any CPU.Build.0 = Debug|Any CPU
		{A14827DD-F72B-F5BF-04F2-201919AE8241}.Release|Any CPU.ActiveCfg = Release|Any CPU
		{A14827DD-F72B-F5BF-04F2-201919AE8241}.Release|Any CPU.Build.0 = Release|Any CPU
	EndGlobalSection
	GlobalSection(SolutionProperties) = preSolution
		HideSolutionNode = FALSE
	EndGlobalSection
	GlobalSection(MonoDevelopProperties) = preSolution
		StartupItem = Assembly-CSharp.csproj
	EndGlobalSection
EndGlobal
